
Microsoft Visual Studio Solution File, Format Version 12.00
# Visual Studio Version 17
VisualStudioVersion = 17.7.34202.233
MinimumVisualStudioVersion = 10.0.40219.1
Project("{FAE04EC0-301F-11D3-BF4B-00C04F79EFBC}") = "Reports_Builder", "Reports_Builder.csproj", "{FF138174-9683-4FA6-B30A-4F612FC4F383}"
EndProject
Global
	GlobalSection(SolutionConfigurationPlatforms) = preSolution
		Debug|Any CPU = Debug|Any CPU
		Release|Any CPU = Release|Any CPU
	EndGlobalSection
	GlobalSection(ProjectConfigurationPlatforms) = postSolution
		{FF138174-9683-4FA6-B30A-4F612FC4F383}.Debug|Any CPU.ActiveCfg = Debug|Any CPU
		{FF138174-9683-4FA6-B30A-4F612FC4F383}.Debug|Any CPU.Build.0 = Debug|Any CPU
		{FF138174-9683-4FA6-B30A-4F612FC4F383}.Release|Any CPU.ActiveCfg = Release|Any CPU
		{FF138174-9683-4FA6-B30A-4F612FC4F383}.Release|Any CPU.Build.0 = Release|Any CPU
	EndGlobalSection
	GlobalSection(SolutionProperties) = preSolution
		HideSolutionNode = FALSE
	EndGlobalSection
	GlobalSection(ExtensibilityGlobals) = postSolution
		SolutionGuid = {F61B2C80-A042-450B-8D1F-B3577DF66F80}
	EndGlobalSection
EndGlobal
